
Microsoft Visual Studio Solution File, Format Version 12.00
# Visual Studio 15
VisualStudioVersion = 15.0.27428.2043
MinimumVisualStudioVersion = 10.0.40219.1
Project("{FAE04EC0-301F-11D3-BF4B-00C04F79EFBC}") = "Demosaic", "demosaic\Demosaic.csproj", "{E3AB29FE-8977-49BF-B2B4-008A6093C250}"
EndProject
Global
	GlobalSection(SolutionConfigurationPlatforms) = preSolution
		Debug|Any CPU = Debug|Any CPU
		Release|Any CPU = Release|Any CPU
	EndGlobalSection
	GlobalSection(ProjectConfigurationPlatforms) = postSolution
		{E3AB29FE-8977-49BF-B2B4-008A6093C250}.Debug|Any CPU.ActiveCfg = Debug|Any CPU
		{E3AB29FE-8977-49BF-B2B4-008A6093C250}.Debug|Any CPU.Build.0 = Debug|Any CPU
		{E3AB29FE-8977-49BF-B2B4-008A6093C250}.Release|Any CPU.ActiveCfg = Release|Any CPU
		{E3AB29FE-8977-49BF-B2B4-008A6093C250}.Release|Any CPU.Build.0 = Release|Any CPU
	EndGlobalSection
	GlobalSection(SolutionProperties) = preSolution
		HideSolutionNode = FALSE
	EndGlobalSection
	GlobalSection(ExtensibilityGlobals) = postSolution
		SolutionGuid = {9746BD8F-C4CC-4D28-9B1D-76505BB813A2}
	EndGlobalSection
EndGlobal
